# This file is autogenerated, do not edit; changes may be undone by the next 'dep ensure'.


[[projects]]
  digest = "1:871b7cfa5fe18bfdbd4bf117c166c3cff8d3b61c8afe4e998b5b8ac0c160ca24"
  name = "github.com/alexellis/hmac"
  packages = ["."]
  pruneopts = "UT"
  revision = "d5d71edd7bc74eb6ae4b99eccc6bda738435f43f"
  version = "1.2"

[[projects]]
  digest = "1:c150032ad5f0d37e884ce6428425292f1f866fd9c3fc4661a1ca539fda85460c"
  name = "github.com/drone/envsubst"
  packages = [
    ".",
    "parse",
    "path",
  ]
  pruneopts = "UT"
  revision = "5a78055244d6b899c2a2eb158c8454f548af9ab2"
  version = "v1.0.2"

[[projects]]
  digest = "1:5d231480e1c64a726869bc4142d270184c419749d34f167646baa21008eb0a79"
  name = "github.com/mitchellh/go-homedir"
  packages = ["."]
  pruneopts = "UT"
  revision = "af06845cf3004701891bf4fdb884bfe4920b3727"
  version = "v1.1.0"

[[projects]]
  digest = "1:cdf3df431e70077f94e14a99305808e3d13e96262b4686154970f448f7248842"
  name = "github.com/openfaas/faas"
  packages = ["gateway/requests"]
  pruneopts = "UT"
  revision = "11ff356ccea32b89b9da556c18305cd7c5ea9ba5"
  version = "0.18.18"

[[projects]]
  digest = "1:d31dda0d21ab403ff0d119da18083120d31855b466948b89f48a3aff4587e553"
  name = "github.com/openfaas/faas-cli"
  packages = [
    "config",
    "proxy",
    "schema/store/v2",
    "stack",
  ]
  pruneopts = "UT"
  revision = "c12d57c39ac4cc6eef3c9bba2fb45113d882432f"
  version = "0.12.14"

[[projects]]
  digest = "1:e9125ccb8c5b8257328614d84a71b9bd9c21203b12a06ce0e6eb45b170a93289"
  name = "github.com/openfaas/faas-provider"
  packages = [
    "auth",
    "httputil",
    "logs",
    "types",
  ]
  pruneopts = "UT"
  revision = "db19209aa27f42a9cf6a23448fc2b8c9cc4fbb5d"
  version = "v0.15.1"

[[projects]]
  digest = "1:510ea9e9f5bd484b0faffc28368a61eee6b3a83602a55cb2aa24d4c1b6def0e8"
  name = "github.com/openfaas/openfaas-cloud"
  packages = ["sdk"]
  pruneopts = "UT"
  revision = "50cb7b54fc0a3d8e1e3cd94139f6c0b8b55a44ef"
  version = "0.14.2"

[[projects]]
  digest = "1:6baa565fe16f8657cf93469b2b8a6c61a277827734400d27e44d589547297279"
  name = "github.com/ryanuber/go-glob"
  packages = ["."]
  pruneopts = "UT"
  revision = "51a8f68e6c24dc43f1e371749c89a267de4ebc53"
  version = "v1.0.0"

[[projects]]
  digest = "1:d7f1bd887dc650737a421b872ca883059580e9f8314d601f88025df4f4802dce"
  name = "gopkg.in/yaml.v2"
  packages = ["."]
  pruneopts = "UT"
  revision = "0b1645d91e851e735d3e23330303ce81f70adbe3"
  version = "v2.3.0"

[solve-meta]
  analyzer-name = "dep"
  analyzer-version = 1
  input-imports = [
    "github.com/openfaas/faas-cli/proxy",
    "github.com/openfaas/openfaas-cloud/sdk",
  ]
  solver-name = "gps-cdcl"
  solver-version = 1
